// !$*UTF8*$!
{
	archiveVersion = 1;
	classes = {
	};
	objectVersion = 50;
	objects = {

/* Begin PBXBuildFile section */
		637E821F265252B000B974E7 /* AppDelegate.swift in Sources */ = {isa = PBXBuildFile; fileRef = 637E821E265252B000B974E7 /* AppDelegate.swift */; };
		637E8221265252B000B974E7 /* SceneDelegate.swift in Sources */ = {isa = PBXBuildFile; fileRef = 637E8220265252B000B974E7 /* SceneDelegate.swift */; };
		637E8223265252B000B974E7 /* MainViewController.swift in Sources */ = {isa = PBXBuildFile; fileRef = 637E8222265252B000B974E7 /* MainViewController.swift */; };
		637E8226265252B000B974E7 /* MainViewController.storyboard in Resources */ = {isa = PBXBuildFile; fileRef = 637E8224265252B000B974E7 /* MainViewController.storyboard */; };
		637E8228265252B300B974E7 /* Assets.xcassets in Resources */ = {isa = PBXBuildFile; fileRef = 637E8227265252B300B974E7 /* Assets.xcassets */; };
		637E822B265252B300B974E7 /* LaunchScreen.storyboard in Resources */ = {isa = PBXBuildFile; fileRef = 637E8229265252B300B974E7 /* LaunchScreen.storyboard */; };
		637E8234265264BB00B974E7 /* CollectionViewCell.swift in Sources */ = {isa = PBXBuildFile; fileRef = 637E8233265264BB00B974E7 /* CollectionViewCell.swift */; };
		637E82622652F4CD00B974E7 /* GSImageViewerController.swift in Sources */ = {isa = PBXBuildFile; fileRef = 637E82612652F4CD00B974E7 /* GSImageViewerController.swift */; };
/* End PBXBuildFile section */

/* Begin PBXFileReference section */
		637E821B265252B000B974E7 /* AniMekvabidze13.app */ = {isa = PBXFileReference; explicitFileType = wrapper.application; includeInIndex = 0; path = AniMekvabidze13.app; sourceTree = BUILT_PRODUCTS_DIR; };
		637E821E265252B000B974E7 /* AppDelegate.swift */ = {isa = PBXFileReference; lastKnownFileType = sourcecode.swift; path = AppDelegate.swift; sourceTree = "<group>"; };
		637E8220265252B000B974E7 /* SceneDelegate.swift */ = {isa = PBXFileReference; lastKnownFileType = sourcecode.swift; path = SceneDelegate.swift; sourceTree = "<group>"; };
		637E8222265252B000B974E7 /* MainViewController.swift */ = {isa = PBXFileReference; lastKnownFileType = sourcecode.swift; path = MainViewController.swift; sourceTree = "<group>"; };
		637E8225265252B000B974E7 /* Base */ = {isa = PBXFileReference; lastKnownFileType = file.storyboard; name = Base; path = Base.lproj/MainViewController.storyboard; sourceTree = "<group>"; };
		637E8227265252B300B974E7 /* Assets.xcassets */ = {isa = PBXFileReference; lastKnownFileType = folder.assetcatalog; path = Assets.xcassets; sourceTree = "<group>"; };
		637E822A265252B300B974E7 /* Base */ = {isa = PBXFileReference; lastKnownFileType = file.storyboard; name = Base; path = Base.lproj/LaunchScreen.storyboard; sourceTree = "<group>"; };
		637E822C265252B300B974E7 /* Info.plist */ = {isa = PBXFileReference; lastKnownFileType = text.plist.xml; path = Info.plist; sourceTree = "<group>"; };
		637E8233265264BB00B974E7 /* CollectionViewCell.swift */ = {isa = PBXFileReference; lastKnownFileType = sourcecode.swift; path = CollectionViewCell.swift; sourceTree = "<group>"; };
		637E82612652F4CD00B974E7 /* GSImageViewerController.swift */ = {isa = PBXFileReference; fileEncoding = 4; lastKnownFileType = sourcecode.swift; path = GSImageViewerController.swift; sourceTree = "<group>"; };
/* End PBXFileReference section */

/* Begin PBXFrameworksBuildPhase section */
		637E8218265252B000B974E7 /* Frameworks */ = {
			isa = PBXFrameworksBuildPhase;
			buildActionMask = 2147483647;
			files = (
			);
			runOnlyForDeploymentPostprocessing = 0;
		};
/* End PBXFrameworksBuildPhase section */

/* Begin PBXGroup section */
		637E8212265252B000B974E7 = {
			isa = PBXGroup;
			children = (
				637E821D265252B000B974E7 /* AniMekvabidze13 */,
				637E821C265252B000B974E7 /* Products */,
			);
			sourceTree = "<group>";
		};
		637E821C265252B000B974E7 /* Products */ = {
			isa = PBXGroup;
			children = (
				637E821B265252B000B974E7 /* AniMekvabidze13.app */,
			);
			name = Products;
			sourceTree = "<group>";
		};
		637E821D265252B000B974E7 /* AniMekvabidze13 */ = {
			isa = PBXGroup;
			children = (
				637E821E265252B000B974E7 /* AppDelegate.swift */,
				637E8220265252B000B974E7 /* SceneDelegate.swift */,
				637E82612652F4CD00B974E7 /* GSImageViewerController.swift */,
				637E82322652534100B974E7 /* Main */,
				637E8227265252B300B974E7 /* Assets.xcassets */,
				637E8229265252B300B974E7 /* LaunchScreen.storyboard */,
				637E822C265252B300B974E7 /* Info.plist */,
				637E8233265264BB00B974E7 /* CollectionViewCell.swift */,
			);
			path = AniMekvabidze13;
			sourceTree = "<group>";
		};
		637E82322652534100B974E7 /* Main */ = {
			isa = PBXGroup;
			children = (
				637E8222265252B000B974E7 /* MainViewController.swift */,
				637E8224265252B000B974E7 /* MainViewController.storyboard */,
			);
			path = Main;
			sourceTree = "<group>";
		};
/* End PBXGroup section */

/* Begin PBXNativeTarget section */
		637E821A265252B000B974E7 /* AniMekvabidze13 */ = {
			isa = PBXNativeTarget;
			buildConfigurationList = 637E822F265252B300B974E7 /* Build configuration list for PBXNativeTarget "AniMekvabidze13" */;
			buildPhases = (
				637E8217265252B000B974E7 /* Sources */,
				637E8218265252B000B974E7 /* Frameworks */,
				637E8219265252B000B974E7 /* Resources */,
			);
			buildRules = (
			);
			dependencies = (
			);
			name = AniMekvabidze13;
			productName = AniMekvabidze13;
			productReference = 637E821B265252B000B974E7 /* AniMekvabidze13.app */;
			productType = "com.apple.product-type.application";
		};
/* End PBXNativeTarget section */

/* Begin PBXProject section */
		637E8213265252B000B974E7 /* Project object */ = {
			isa = PBXProject;
			attributes = {
				LastSwiftUpdateCheck = 1250;
				LastUpgradeCheck = 1250;
				TargetAttributes = {
					637E821A265252B000B974E7 = {
						CreatedOnToolsVersion = 12.5;
					};
				};
			};
			buildConfigurationList = 637E8216265252B000B974E7 /* Build configuration list for PBXProject "AniMekvabidze13" */;
			compatibilityVersion = "Xcode 9.3";
			developmentRegion = en;
			hasScannedForEncodings = 0;
			knownRegions = (
				en,
				Base,
			);
			mainGroup = 637E8212265252B000B974E7;
			productRefGroup = 637E821C265252B000B974E7 /* Products */;
			projectDirPath = "";
			projectRoot = "";
			targets = (
				637E821A265252B000B974E7 /* AniMekvabidze13 */,
			);
		};
/* End PBXProject section */

/* Begin PBXResourcesBuildPhase section */
		637E8219265252B000B974E7 /* Resources */ = {
			isa = PBXResourcesBuildPhase;
			buildActionMask = 2147483647;
			files = (
				637E822B265252B300B974E7 /* LaunchScreen.storyboard in Resources */,
				637E8228265252B300B974E7 /* Assets.xcassets in Resources */,
				637E8226265252B000B974E7 /* MainViewController.storyboard in Resources */,
			);
			runOnlyForDeploymentPostprocessing = 0;
		};
/* End PBXResourcesBuildPhase section */

/* Begin PBXSourcesBuildPhase section */
		637E8217265252B000B974E7 /* Sources */ = {
			isa = PBXSourcesBuildPhase;
			buildActionMask = 2147483647;
			files = (
				637E82622652F4CD00B974E7 /* GSImageViewerController.swift in Sources */,
				637E8223265252B000B974E7 /* MainViewController.swift in Sources */,
				637E821F265252B000B974E7 /* AppDelegate.swift in Sources */,
				637E8221265252B000B974E7 /* SceneDelegate.swift in Sources */,
				637E8234265264BB00B974E7 /* CollectionViewCell.swift in Sources */,
			);
			runOnlyForDeploymentPostprocessing = 0;
		};
/* End PBXSourcesBuildPhase section */

/* Begin PBXVariantGroup section */
		637E8224265252B000B974E7 /* MainViewController.storyboard */ = {
			isa = PBXVariantGroup;
			children = (
				637E8225265252B000B974E7 /* Base */,
			);
			name = MainViewController.storyboard;
			sourceTree = "<group>";
		};
		637E8229265252B300B974E7 /* LaunchScreen.storyboard */ = {
			isa = PBXVariantGroup;
			children = (
				637E822A265252B300B974E7 /* Base */,
			);
			name = LaunchScreen.storyboard;
			sourceTree = "<group>";
		};
/* End PBXVariantGroup section */

/* Begin XCBuildConfiguration section */
		637E822D265252B300B974E7 /* Debug */ = {
			isa = XCBuildConfiguration;
			buildSettings = {
				ALWAYS_SEARCH_USER_PATHS = NO;
				CLANG_ANALYZER_NONNULL = YES;
				CLANG_ANALYZER_NUMBER_OBJECT_CONVERSION = YES_AGGRESSIVE;
				CLANG_CXX_LANGUAGE_STANDARD = "gnu++14";
				CLANG_CXX_LIBRARY = "libc++";
				CLANG_ENABLE_MODULES = YES;
				CLANG_ENABLE_OBJC_ARC = YES;
				CLANG_ENABLE_OBJC_WEAK = YES;
				CLANG_WARN_BLOCK_CAPTURE_AUTORELEASING = YES;
				CLANG_WARN_BOOL_CONVERSION = YES;
				CLANG_WARN_COMMA = YES;
				CLANG_WARN_CONSTANT_CONVERSION = YES;
				CLANG_WARN_DEPRECATED_OBJC_IMPLEMENTATIONS = YES;
				CLANG_WARN_DIRECT_OBJC_ISA_USAGE = YES_ERROR;
				CLANG_WARN_DOCUMENTATION_COMMENTS = YES;
				CLANG_WARN_EMPTY_BODY = YES;
				CLANG_WARN_ENUM_CONVERSION = YES;
				CLANG_WARN_INFINITE_RECURSION = YES;
				CLANG_WARN_INT_CONVERSION = YES;
				CLANG_WARN_NON_LITERAL_NULL_CONVERSION = YES;
				CLANG_WARN_OBJC_IMPLICIT_RETAIN_SELF = YES;
				CLANG_WARN_OBJC_LITERAL_CONVERSION = YES;
				CLANG_WARN_OBJC_ROOT_CLASS = YES_ERROR;
				CLANG_WARN_QUOTED_INCLUDE_IN_FRAMEWORK_HEADER = YES;
				CLANG_WARN_RANGE_LOOP_ANALYSIS = YES;
				CLANG_WARN_STRICT_PROTOTYPES = YES;
				CLANG_WARN_SUSPICIOUS_MOVE = YES;
				CLANG_WARN_UNGUARDED_AVAILABILITY = YES_AGGRESSIVE;
				CLANG_WARN_UNREACHABLE_CODE = YES;
				CLANG_WARN__DUPLICATE_METHOD_MATCH = YES;
				COPY_PHASE_STRIP = NO;
				DEBUG_INFORMATION_FORMAT = dwarf;
				ENABLE_STRICT_OBJC_MSGSEND = YES;
				ENABLE_TESTABILITY = YES;
				GCC_C_LANGUAGE_STANDARD = gnu11;
				GCC_DYNAMIC_NO_PIC = NO;
				GCC_NO_COMMON_BLOCKS = YES;
				GCC_OPTIMIZATION_LEVEL = 0;
				GCC_PREPROCESSOR_DEFINITIONS = (
					"DEBUG=1",
					"$(inherited)",
				);
				GCC_WARN_64_TO_32_BIT_CONVERSION = YES;
				GCC_WARN_ABOUT_RETURN_TYPE = YES_ERROR;
				GCC_WARN_UNDECLARED_SELECTOR = YES;
				GCC_WARN_UNINITIALIZED_AUTOS = YES_AGGRESSIVE;
				GCC_WARN_UNUSED_FUNCTION = YES;
				GCC_WARN_UNUSED_VARIABLE = YES;
				IPHONEOS_DEPLOYMENT_TARGET = 14.5;
				MTL_ENABLE_DEBUG_INFO = INCLUDE_SOURCE;
				MTL_FAST_MATH = YES;
				ONLY_ACTIVE_ARCH = YES;
				SDKROOT = iphoneos;
				SWIFT_ACTIVE_COMPILATION_CONDITIONS = DEBUG;
				SWIFT_OPTIMIZATION_LEVEL = "-Onone";
			};
			name = Debug;
		};
		637E822E265252B300B974E7 /* Release */ = {
			isa = XCBuildConfiguration;
			buildSettings = {
				ALWAYS_SEARCH_USER_PATHS = NO;
				CLANG_ANALYZER_NONNULL = YES;
				CLANG_ANALYZER_NUMBER_OBJECT_CONVERSION = YES_AGGRESSIVE;
				CLANG_CXX_LANGUAGE_STANDARD = "gnu++14";
				CLANG_CXX_LIBRARY = "libc++";
				CLANG_ENABLE_MODULES = YES;
				CLANG_ENABLE_OBJC_ARC = YES;
				CLANG_ENABLE_OBJC_WEAK = YES;
				CLANG_WARN_BLOCK_CAPTURE_AUTORELEASING = YES;
				CLANG_WARN_BOOL_CONVERSION = YES;
				CLANG_WARN_COMMA = YES;
				CLANG_WARN_CONSTANT_CONVERSION = YES;
				CLANG_WARN_DEPRECATED_OBJC_IMPLEMENTATIONS = YES;
				CLANG_WARN_DIRECT_OBJC_ISA_USAGE = YES_ERROR;
				CLANG_WARN_DOCUMENTATION_COMMENTS = YES;
				CLANG_WARN_EMPTY_BODY = YES;
				CLANG_WARN_ENUM_CONVERSION = YES;
				CLANG_WARN_INFINITE_RECURSION = YES;
				CLANG_WARN_INT_CONVERSION = YES;
				CLANG_WARN_NON_LITERAL_NULL_CONVERSION = YES;
				CLANG_WARN_OBJC_IMPLICIT_RETAIN_SELF = YES;
				CLANG_WARN_OBJC_LITERAL_CONVERSION = YES;
				CLANG_WARN_OBJC_ROOT_CLASS = YES_ERROR;
				CLANG_WARN_QUOTED_INCLUDE_IN_FRAMEWORK_HEADER = YES;
				CLANG_WARN_RANGE_LOOP_ANALYSIS = YES;
				CLANG_WARN_STRICT_PROTOTYPES = YES;
				CLANG_WARN_SUSPICIOUS_MOVE = YES;
				CLANG_WARN_UNGUARDED_AVAILABILITY = YES_AGGRESSIVE;
				CLANG_WARN_UNREACHABLE_CODE = YES;
				CLANG_WARN__DUPLICATE_METHOD_MATCH = YES;
				COPY_PHASE_STRIP = NO;
				DEBUG_INFORMATION_FORMAT = "dwarf-with-dsym";
				ENABLE_NS_ASSERTIONS = NO;
				ENABLE_STRICT_OBJC_MSGSEND = YES;
				GCC_C_LANGUAGE_STANDARD = gnu11;
				GCC_NO_COMMON_BLOCKS = YES;
				GCC_WARN_64_TO_32_BIT_CONVERSION = YES;
				GCC_WARN_ABOUT_RETURN_TYPE = YES_ERROR;
				GCC_WARN_UNDECLARED_SELECTOR = YES;
				GCC_WARN_UNINITIALIZED_AUTOS = YES_AGGRESSIVE;
				GCC_WARN_UNUSED_FUNCTION = YES;
				GCC_WARN_UNUSED_VARIABLE = YES;
				IPHONEOS_DEPLOYMENT_TARGET = 14.5;
				MTL_ENABLE_DEBUG_INFO = NO;
				MTL_FAST_MATH = YES;
				SDKROOT = iphoneos;
				SWIFT_COMPILATION_MODE = wholemodule;
				SWIFT_OPTIMIZATION_LEVEL = "-O";
				VALIDATE_PRODUCT = YES;
			};
			name = Release;
		};
		637E8230265252B300B974E7 /* Debug */ = {
			isa = XCBuildConfiguration;
			buildSettings = {
				ASSETCATALOG_COMPILER_APPICON_NAME = AppIcon;
				ASSETCATALOG_COMPILER_GLOBAL_ACCENT_COLOR_NAME = AccentColor;
				CODE_SIGN_STYLE = Automatic;
				DEVELOPMENT_TEAM = N2JLK5GH9J;
				INFOPLIST_FILE = AniMekvabidze13/Info.plist;
				IPHONEOS_DEPLOYMENT_TARGET = 13.0;
				LD_RUNPATH_SEARCH_PATHS = (
					"$(inherited)",
					"@executable_path/Frameworks",
				);
				PRODUCT_BUNDLE_IDENTIFIER = com.example.AniMekvabidze13;
				PRODUCT_NAME = "$(TARGET_NAME)";
				SWIFT_VERSION = 5.0;
				TARGETED_DEVICE_FAMILY = "1,2";
			};
			name = Debug;
		};
		637E8231265252B300B974E7 /* Release */ = {
			isa = XCBuildConfiguration;
			buildSettings = {
				ASSETCATALOG_COMPILER_APPICON_NAME = AppIcon;
				ASSETCATALOG_COMPILER_GLOBAL_ACCENT_COLOR_NAME = AccentColor;
				CODE_SIGN_STYLE = Automatic;
				DEVELOPMENT_TEAM = N2JLK5GH9J;
				INFOPLIST_FILE = AniMekvabidze13/Info.plist;
				IPHONEOS_DEPLOYMENT_TARGET = 13.0;
				LD_RUNPATH_SEARCH_PATHS = (
					"$(inherited)",
					"@executable_path/Frameworks",
				);
				PRODUCT_BUNDLE_IDENTIFIER = com.example.AniMekvabidze13;
				PRODUCT_NAME = "$(TARGET_NAME)";
				SWIFT_VERSION = 5.0;
				TARGETED_DEVICE_FAMILY = "1,2";
			};
			name = Release;
		};
/* End XCBuildConfiguration section */

/* Begin XCConfigurationList section */
		637E8216265252B000B974E7 /* Build configuration list for PBXProject "AniMekvabidze13" */ = {
			isa = XCConfigurationList;
			buildConfigurations = (
				637E822D265252B300B974E7 /* Debug */,
				637E822E265252B300B974E7 /* Release */,
			);
			defaultConfigurationIsVisible = 0;
			defaultConfigurationName = Release;
		};
		637E822F265252B300B974E7 /* Build configuration list for PBXNativeTarget "AniMekvabidze13" */ = {
			isa = XCConfigurationList;
			buildConfigurations = (
				637E8230265252B300B974E7 /* Debug */,
				637E8231265252B300B974E7 /* Release */,
			);
			defaultConfigurationIsVisible = 0;
			defaultConfigurationName = Release;
		};
/* End XCConfigurationList section */
	};
	rootObject = 637E8213265252B000B974E7 /* Project object */;
}
